
Microsoft Visual Studio Solution File, Format Version 12.00
# Visual Studio Version 17
VisualStudioVersion = 17.5.002.0
MinimumVisualStudioVersion = 10.0.40219.1
Project("{2150E333-8FDC-42A3-9474-1A3956D46DE8}") = "src", "src", "{3FDAE878-33DD-4F3B-9A42-A234CFE514C5}"
EndProject
Project("{9A19103F-16F7-4668-BE54-9A1E7A4F7556}") = "Play.Common", "src\Play.Common\Play.Common.csproj", "{37968778-C669-40F0-A41E-BD96D962E6EF}"
EndProject
Global
	GlobalSection(SolutionConfigurationPlatforms) = preSolution
		Debug|Any CPU = Debug|Any CPU
		Release|Any CPU = Release|Any CPU
	EndGlobalSection
	GlobalSection(ProjectConfigurationPlatforms) = postSolution
		{37968778-C669-40F0-A41E-BD96D962E6EF}.Debug|Any CPU.ActiveCfg = Debug|Any CPU
		{37968778-C669-40F0-A41E-BD96D962E6EF}.Debug|Any CPU.Build.0 = Debug|Any CPU
		{37968778-C669-40F0-A41E-BD96D962E6EF}.Release|Any CPU.ActiveCfg = Release|Any CPU
		{37968778-C669-40F0-A41E-BD96D962E6EF}.Release|Any CPU.Build.0 = Release|Any CPU
	EndGlobalSection
	GlobalSection(SolutionProperties) = preSolution
		HideSolutionNode = FALSE
	EndGlobalSection
	GlobalSection(NestedProjects) = preSolution
		{37968778-C669-40F0-A41E-BD96D962E6EF} = {3FDAE878-33DD-4F3B-9A42-A234CFE514C5}
	EndGlobalSection
	GlobalSection(ExtensibilityGlobals) = postSolution
		SolutionGuid = {F0B2BFD9-4855-44E1-AF14-C7F194948F52}
	EndGlobalSection
EndGlobal
